
Microsoft Visual Studio Solution File, Format Version 12.00
Project("{FAE04EC0-301F-11D3-BF4B-00C04F79EFBC}") = "OldRod", "src\OldRod\OldRod.csproj", "{B909EF5F-7621-4DCF-988F-EF2FBD6DBC77}"
EndProject
Project("{FAE04EC0-301F-11D3-BF4B-00C04F79EFBC}") = "OldRod.Core", "src\OldRod.Core\OldRod.Core.csproj", "{19AE2108-A02E-4434-B44A-FAC1F7279DFE}"
EndProject
Project("{FAE04EC0-301F-11D3-BF4B-00C04F79EFBC}") = "OldRod.Pipeline", "src\OldRod.Pipeline\OldRod.Pipeline.csproj", "{FF063C6A-2CAF-4870-8E5F-F83F42B19F36}"
EndProject
Project("{FAE04EC0-301F-11D3-BF4B-00C04F79EFBC}") = "Rivers", "deps\Rivers\Rivers\Rivers.csproj", "{A69FCA6D-3FDC-4BE2-95E1-6312418D1BA2}"
EndProject
Project("{2150E333-8FDC-42A3-9474-1A3956D46DE8}") = "deps", "deps", "{E2E7F909-A9C3-41D5-9D9A-9176999AE712}"
EndProject
Project("{2150E333-8FDC-42A3-9474-1A3956D46DE8}") = "src", "src", "{5503AF20-DBCA-4262-8021-8654F15C6BE5}"
EndProject
Project("{FAE04EC0-301F-11D3-BF4B-00C04F79EFBC}") = "AsmResolver", "deps\AsmResolver\src\AsmResolver\AsmResolver.csproj", "{0313437D-7302-4C8B-AE4D-18D25DC959D8}"
EndProject
Project("{FAE04EC0-301F-11D3-BF4B-00C04F79EFBC}") = "AsmResolver.DotNet", "deps\AsmResolver\src\AsmResolver.DotNet\AsmResolver.DotNet.csproj", "{F32D202F-431F-48C3-AD1A-EF1F503DCB84}"
EndProject
Project("{FAE04EC0-301F-11D3-BF4B-00C04F79EFBC}") = "AsmResolver.PE", "deps\AsmResolver\src\AsmResolver.PE\AsmResolver.PE.csproj", "{C7B94D23-756E-4778-A322-33504BAEDF6D}"
EndProject
Project("{FAE04EC0-301F-11D3-BF4B-00C04F79EFBC}") = "AsmResolver.PE.File", "deps\AsmResolver\src\AsmResolver.PE.File\AsmResolver.PE.File.csproj", "{56FCE8FD-E061-4900-A51F-E4DF6C3FB732}"
EndProject
Global
	GlobalSection(SolutionConfigurationPlatforms) = preSolution
		Debug|Any CPU = Debug|Any CPU
		Release|Any CPU = Release|Any CPU
	EndGlobalSection
	GlobalSection(ProjectConfigurationPlatforms) = postSolution
		{B909EF5F-7621-4DCF-988F-EF2FBD6DBC77}.Debug|Any CPU.ActiveCfg = Debug|Any CPU
		{B909EF5F-7621-4DCF-988F-EF2FBD6DBC77}.Debug|Any CPU.Build.0 = Debug|Any CPU
		{B909EF5F-7621-4DCF-988F-EF2FBD6DBC77}.Release|Any CPU.ActiveCfg = Release|Any CPU
		{B909EF5F-7621-4DCF-988F-EF2FBD6DBC77}.Release|Any CPU.Build.0 = Release|Any CPU
		{19AE2108-A02E-4434-B44A-FAC1F7279DFE}.Debug|Any CPU.ActiveCfg = Debug|Any CPU
		{19AE2108-A02E-4434-B44A-FAC1F7279DFE}.Debug|Any CPU.Build.0 = Debug|Any CPU
		{19AE2108-A02E-4434-B44A-FAC1F7279DFE}.Release|Any CPU.ActiveCfg = Release|Any CPU
		{19AE2108-A02E-4434-B44A-FAC1F7279DFE}.Release|Any CPU.Build.0 = Release|Any CPU
		{FF063C6A-2CAF-4870-8E5F-F83F42B19F36}.Debug|Any CPU.ActiveCfg = Debug|Any CPU
		{FF063C6A-2CAF-4870-8E5F-F83F42B19F36}.Debug|Any CPU.Build.0 = Debug|Any CPU
		{FF063C6A-2CAF-4870-8E5F-F83F42B19F36}.Release|Any CPU.ActiveCfg = Release|Any CPU
		{FF063C6A-2CAF-4870-8E5F-F83F42B19F36}.Release|Any CPU.Build.0 = Release|Any CPU
		{A69FCA6D-3FDC-4BE2-95E1-6312418D1BA2}.Debug|Any CPU.ActiveCfg = Debug|Any CPU
		{A69FCA6D-3FDC-4BE2-95E1-6312418D1BA2}.Debug|Any CPU.Build.0 = Debug|Any CPU
		{A69FCA6D-3FDC-4BE2-95E1-6312418D1BA2}.Release|Any CPU.ActiveCfg = Release|Any CPU
		{A69FCA6D-3FDC-4BE2-95E1-6312418D1BA2}.Release|Any CPU.Build.0 = Release|Any CPU
		{0313437D-7302-4C8B-AE4D-18D25DC959D8}.Debug|Any CPU.ActiveCfg = Debug|Any CPU
		{0313437D-7302-4C8B-AE4D-18D25DC959D8}.Debug|Any CPU.Build.0 = Debug|Any CPU
		{0313437D-7302-4C8B-AE4D-18D25DC959D8}.Release|Any CPU.ActiveCfg = Release|Any CPU
		{0313437D-7302-4C8B-AE4D-18D25DC959D8}.Release|Any CPU.Build.0 = Release|Any CPU
		{F32D202F-431F-48C3-AD1A-EF1F503DCB84}.Debug|Any CPU.ActiveCfg = Debug|Any CPU
		{F32D202F-431F-48C3-AD1A-EF1F503DCB84}.Debug|Any CPU.Build.0 = Debug|Any CPU
		{F32D202F-431F-48C3-AD1A-EF1F503DCB84}.Release|Any CPU.ActiveCfg = Release|Any CPU
		{F32D202F-431F-48C3-AD1A-EF1F503DCB84}.Release|Any CPU.Build.0 = Release|Any CPU
		{C7B94D23-756E-4778-A322-33504BAEDF6D}.Debug|Any CPU.ActiveCfg = Debug|Any CPU
		{C7B94D23-756E-4778-A322-33504BAEDF6D}.Debug|Any CPU.Build.0 = Debug|Any CPU
		{C7B94D23-756E-4778-A322-33504BAEDF6D}.Release|Any CPU.ActiveCfg = Release|Any CPU
		{C7B94D23-756E-4778-A322-33504BAEDF6D}.Release|Any CPU.Build.0 = Release|Any CPU
		{56FCE8FD-E061-4900-A51F-E4DF6C3FB732}.Debug|Any CPU.ActiveCfg = Debug|Any CPU
		{56FCE8FD-E061-4900-A51F-E4DF6C3FB732}.Debug|Any CPU.Build.0 = Debug|Any CPU
		{56FCE8FD-E061-4900-A51F-E4DF6C3FB732}.Release|Any CPU.ActiveCfg = Release|Any CPU
		{56FCE8FD-E061-4900-A51F-E4DF6C3FB732}.Release|Any CPU.Build.0 = Release|Any CPU
	EndGlobalSection
	GlobalSection(NestedProjects) = preSolution
		{B909EF5F-7621-4DCF-988F-EF2FBD6DBC77} = {5503AF20-DBCA-4262-8021-8654F15C6BE5}
		{19AE2108-A02E-4434-B44A-FAC1F7279DFE} = {5503AF20-DBCA-4262-8021-8654F15C6BE5}
		{FF063C6A-2CAF-4870-8E5F-F83F42B19F36} = {5503AF20-DBCA-4262-8021-8654F15C6BE5}
		{A69FCA6D-3FDC-4BE2-95E1-6312418D1BA2} = {E2E7F909-A9C3-41D5-9D9A-9176999AE712}
		{0313437D-7302-4C8B-AE4D-18D25DC959D8} = {E2E7F909-A9C3-41D5-9D9A-9176999AE712}
		{F32D202F-431F-48C3-AD1A-EF1F503DCB84} = {E2E7F909-A9C3-41D5-9D9A-9176999AE712}
		{C7B94D23-756E-4778-A322-33504BAEDF6D} = {E2E7F909-A9C3-41D5-9D9A-9176999AE712}
		{56FCE8FD-E061-4900-A51F-E4DF6C3FB732} = {E2E7F909-A9C3-41D5-9D9A-9176999AE712}
	EndGlobalSection
EndGlobal
