
Microsoft Visual Studio Solution File, Format Version 12.00
Project("{FAE04EC0-301F-11D3-BF4B-00C04F79EFBC}") = "OldRod", "OldRod\OldRod.csproj", "{B909EF5F-7621-4DCF-988F-EF2FBD6DBC77}"
EndProject
Project("{FAE04EC0-301F-11D3-BF4B-00C04F79EFBC}") = "AsmResolver", "AsmResolver\AsmResolver\AsmResolver.csproj", "{228B5994-1035-4EB0-A095-8D85B6EE1146}"
EndProject
Project("{FAE04EC0-301F-11D3-BF4B-00C04F79EFBC}") = "OldRod.Core", "OldRod.Core\OldRod.Core.csproj", "{19AE2108-A02E-4434-B44A-FAC1F7279DFE}"
EndProject
Global
	GlobalSection(SolutionConfigurationPlatforms) = preSolution
		Debug|Any CPU = Debug|Any CPU
		Release|Any CPU = Release|Any CPU
	EndGlobalSection
	GlobalSection(ProjectConfigurationPlatforms) = postSolution
		{B909EF5F-7621-4DCF-988F-EF2FBD6DBC77}.Debug|Any CPU.ActiveCfg = Debug|Any CPU
		{B909EF5F-7621-4DCF-988F-EF2FBD6DBC77}.Debug|Any CPU.Build.0 = Debug|Any CPU
		{B909EF5F-7621-4DCF-988F-EF2FBD6DBC77}.Release|Any CPU.ActiveCfg = Release|Any CPU
		{B909EF5F-7621-4DCF-988F-EF2FBD6DBC77}.Release|Any CPU.Build.0 = Release|Any CPU
		{228B5994-1035-4EB0-A095-8D85B6EE1146}.Debug|Any CPU.ActiveCfg = Debug|Any CPU
		{228B5994-1035-4EB0-A095-8D85B6EE1146}.Debug|Any CPU.Build.0 = Debug|Any CPU
		{228B5994-1035-4EB0-A095-8D85B6EE1146}.Release|Any CPU.ActiveCfg = Release|Any CPU
		{228B5994-1035-4EB0-A095-8D85B6EE1146}.Release|Any CPU.Build.0 = Release|Any CPU
		{19AE2108-A02E-4434-B44A-FAC1F7279DFE}.Debug|Any CPU.ActiveCfg = Debug|Any CPU
		{19AE2108-A02E-4434-B44A-FAC1F7279DFE}.Debug|Any CPU.Build.0 = Debug|Any CPU
		{19AE2108-A02E-4434-B44A-FAC1F7279DFE}.Release|Any CPU.ActiveCfg = Release|Any CPU
		{19AE2108-A02E-4434-B44A-FAC1F7279DFE}.Release|Any CPU.Build.0 = Release|Any CPU
	EndGlobalSection
EndGlobal
